
Microsoft Visual Studio Solution File, Format Version 12.00
# Visual Studio 14
VisualStudioVersion = 14.0.25123.0
MinimumVisualStudioVersion = 10.0.40219.1
Project("{40CB4AFB-920F-49B0-8421-73EED0BF3747}") = "Sitecore.Support.169679", "Sitecore.Support.169679\Sitecore.Support.169679.csproj", "{31BB3983-ED2A-44E3-B5BD-9B08B9B807A0}"
EndProject
Global
	GlobalSection(SolutionConfigurationPlatforms) = preSolution
		Debug|Any CPU = Debug|Any CPU
		Release|Any CPU = Release|Any CPU
	EndGlobalSection
	GlobalSection(ProjectConfigurationPlatforms) = postSolution
		{31BB3983-ED2A-44E3-B5BD-9B08B9B807A0}.Debug|Any CPU.ActiveCfg = Debug|Any CPU
		{31BB3983-ED2A-44E3-B5BD-9B08B9B807A0}.Debug|Any CPU.Build.0 = Debug|Any CPU
		{31BB3983-ED2A-44E3-B5BD-9B08B9B807A0}.Release|Any CPU.ActiveCfg = Release|Any CPU
		{31BB3983-ED2A-44E3-B5BD-9B08B9B807A0}.Release|Any CPU.Build.0 = Release|Any CPU
	EndGlobalSection
	GlobalSection(SolutionProperties) = preSolution
		HideSolutionNode = FALSE
	EndGlobalSection
EndGlobal
